Microsoft Visual Studio Solution File, Format Version 12.00
# Visual Studio Version 17
VisualStudioVersion = 17.5.2.0
MinimumVisualStudioVersion = 10.0.40219.1
Project("{2150E333-8FDC-42A3-9474-1A3956D46DE8}") = "testec", "testec", "{E8F8439A-9D06-8970-CEF5-1FED317DC7CA}"
EndProject
Project("{FAE04EC0-301F-11D3-BF4B-00C04F79EFBC}") = "ex01", "testec\ex01\ex01.csproj", "{CDAD17FE-A2C7-377E-30E0-8F5B8F1249EA}"
EndProject
Global
	GlobalSection(SolutionConfigurationPlatforms) = preSolution
		Debug|Any CPU = Debug|Any CPU
		Release|Any CPU = Release|Any CPU
	EndGlobalSection
	GlobalSection(ProjectConfigurationPlatforms) = postSolution
		{CDAD17FE-A2C7-377E-30E0-8F5B8F1249EA}.Debug|Any CPU.ActiveCfg = Debug|Any CPU
		{CDAD17FE-A2C7-377E-30E0-8F5B8F1249EA}.Debug|Any CPU.Build.0 = Debug|Any CPU
		{CDAD17FE-A2C7-377E-30E0-8F5B8F1249EA}.Release|Any CPU.ActiveCfg = Release|Any CPU
		{CDAD17FE-A2C7-377E-30E0-8F5B8F1249EA}.Release|Any CPU.Build.0 = Release|Any CPU
	EndGlobalSection
	GlobalSection(SolutionProperties) = preSolution
		HideSolutionNode = FALSE
	EndGlobalSection
	GlobalSection(NestedProjects) = preSolution
		{CDAD17FE-A2C7-377E-30E0-8F5B8F1249EA} = {E8F8439A-9D06-8970-CEF5-1FED317DC7CA}
	EndGlobalSection
	GlobalSection(ExtensibilityGlobals) = postSolution
		SolutionGuid = {BA982615-221B-460B-B959-8AB888E377EB}
	EndGlobalSection
EndGlobal
